
Microsoft Visual Studio Solution File, Format Version 12.00
# Visual Studio Version 16
VisualStudioVersion = 16.0.30907.101
MinimumVisualStudioVersion = 10.0.40219.1
Project("{FAE04EC0-301F-11D3-BF4B-00C04F79EFBC}") = "ClassMetotDemo", "ClassMetotDemo\ClassMetotDemo.csproj", "{F13148DD-C3A0-4EA0-A9EF-4E4856992F98}"
EndProject
Global
	GlobalSection(SolutionConfigurationPlatforms) = preSolution
		Debug|Any CPU = Debug|Any CPU
		Release|Any CPU = Release|Any CPU
	EndGlobalSection
	GlobalSection(ProjectConfigurationPlatforms) = postSolution
		{F13148DD-C3A0-4EA0-A9EF-4E4856992F98}.Debug|Any CPU.ActiveCfg = Debug|Any CPU
		{F13148DD-C3A0-4EA0-A9EF-4E4856992F98}.Debug|Any CPU.Build.0 = Debug|Any CPU
		{F13148DD-C3A0-4EA0-A9EF-4E4856992F98}.Release|Any CPU.ActiveCfg = Release|Any CPU
		{F13148DD-C3A0-4EA0-A9EF-4E4856992F98}.Release|Any CPU.Build.0 = Release|Any CPU
	EndGlobalSection
	GlobalSection(SolutionProperties) = preSolution
		HideSolutionNode = FALSE
	EndGlobalSection
	GlobalSection(ExtensibilityGlobals) = postSolution
		SolutionGuid = {10D7CAA6-7151-491D-8053-73B466574311}
	EndGlobalSection
EndGlobal
